
Microsoft Visual Studio Solution File, Format Version 12.00
# Visual Studio Version 17
VisualStudioVersion = 17.7.34221.43
MinimumVisualStudioVersion = 10.0.40219.1
Project("{FAE04EC0-301F-11D3-BF4B-00C04F79EFBC}") = "ConsoleApp16", "ConsoleApp16.csproj", "{3BD52276-1ED4-4D97-AC54-A4EBB74CDA77}"
EndProject
Project("{FAE04EC0-301F-11D3-BF4B-00C04F79EFBC}") = "TestProject2", "..\TestProject2\TestProject2.csproj", "{C9EC52CD-31C2-49C8-974D-103ADF0BE1D2}"
EndProject
Global
	GlobalSection(SolutionConfigurationPlatforms) = preSolution
		Debug|Any CPU = Debug|Any CPU
		Release|Any CPU = Release|Any CPU
	EndGlobalSection
	GlobalSection(ProjectConfigurationPlatforms) = postSolution
		{3BD52276-1ED4-4D97-AC54-A4EBB74CDA77}.Debug|Any CPU.ActiveCfg = Debug|Any CPU
		{3BD52276-1ED4-4D97-AC54-A4EBB74CDA77}.Debug|Any CPU.Build.0 = Debug|Any CPU
		{3BD52276-1ED4-4D97-AC54-A4EBB74CDA77}.Release|Any CPU.ActiveCfg = Release|Any CPU
		{3BD52276-1ED4-4D97-AC54-A4EBB74CDA77}.Release|Any CPU.Build.0 = Release|Any CPU
		{C9EC52CD-31C2-49C8-974D-103ADF0BE1D2}.Debug|Any CPU.ActiveCfg = Debug|Any CPU
		{C9EC52CD-31C2-49C8-974D-103ADF0BE1D2}.Debug|Any CPU.Build.0 = Debug|Any CPU
		{C9EC52CD-31C2-49C8-974D-103ADF0BE1D2}.Release|Any CPU.ActiveCfg = Release|Any CPU
		{C9EC52CD-31C2-49C8-974D-103ADF0BE1D2}.Release|Any CPU.Build.0 = Release|Any CPU
	EndGlobalSection
	GlobalSection(SolutionProperties) = preSolution
		HideSolutionNode = FALSE
	EndGlobalSection
	GlobalSection(ExtensibilityGlobals) = postSolution
		SolutionGuid = {783DD443-DD1D-4CBF-BF2D-93F70F672EBC}
	EndGlobalSection
EndGlobal
